
Microsoft Visual Studio Solution File, Format Version 12.00
# Visual Studio Version 17
VisualStudioVersion = 17.0.32112.339
MinimumVisualStudioVersion = 10.0.40219.1
Project("{FAE04EC0-301F-11D3-BF4B-00C04F79EFBC}") = "AlphaCompositing", "AlphaCompositing\AlphaCompositing.csproj", "{BCE9F154-42D7-4389-9730-11E57275FF8B}"
EndProject
Global
	GlobalSection(SolutionConfigurationPlatforms) = preSolution
		Debug|Any CPU = Debug|Any CPU
		Release|Any CPU = Release|Any CPU
	EndGlobalSection
	GlobalSection(ProjectConfigurationPlatforms) = postSolution
		{BCE9F154-42D7-4389-9730-11E57275FF8B}.Debug|Any CPU.ActiveCfg = Debug|Any CPU
		{BCE9F154-42D7-4389-9730-11E57275FF8B}.Debug|Any CPU.Build.0 = Debug|Any CPU
		{BCE9F154-42D7-4389-9730-11E57275FF8B}.Release|Any CPU.ActiveCfg = Release|Any CPU
		{BCE9F154-42D7-4389-9730-11E57275FF8B}.Release|Any CPU.Build.0 = Release|Any CPU
	EndGlobalSection
	GlobalSection(SolutionProperties) = preSolution
		HideSolutionNode = FALSE
	EndGlobalSection
	GlobalSection(ExtensibilityGlobals) = postSolution
		SolutionGuid = {AB0E72A7-34EC-4FF9-8DE0-2082484BCAD3}
	EndGlobalSection
EndGlobal
